
Microsoft Visual Studio Solution File, Format Version 12.00
# Visual Studio Version 16
VisualStudioVersion = 16.0.31105.61
MinimumVisualStudioVersion = 10.0.40219.1
Project("{888888A0-9F3D-457C-B088-3A5042F75D52}") = "Snake", "Snake.pyproj", "{D0EC1940-74A5-40DB-AD29-3C461184DB4C}"
EndProject
Global
	GlobalSection(SolutionConfigurationPlatforms) = preSolution
		Debug|Any CPU = Debug|Any CPU
		Release|Any CPU = Release|Any CPU
	EndGlobalSection
	GlobalSection(ProjectConfigurationPlatforms) = postSolution
		{D0EC1940-74A5-40DB-AD29-3C461184DB4C}.Debug|Any CPU.ActiveCfg = Debug|Any CPU
		{D0EC1940-74A5-40DB-AD29-3C461184DB4C}.Release|Any CPU.ActiveCfg = Release|Any CPU
	EndGlobalSection
	GlobalSection(SolutionProperties) = preSolution
		HideSolutionNode = FALSE
	EndGlobalSection
	GlobalSection(ExtensibilityGlobals) = postSolution
		SolutionGuid = {81652024-3FA6-4E11-B64A-EE3521182BB7}
	EndGlobalSection
EndGlobal
